
Microsoft Visual Studio Solution File, Format Version 12.00
# Visual Studio Version 16
VisualStudioVersion = 25.0.1705.1
MinimumVisualStudioVersion = 10.0.40219.1
Project("{FAE04EC0-301F-11D3-BF4B-00C04F79EFBC}") = "AltusERP-Backend", "AltusERP-Backend.csproj", "{4E630993-8C02-49BE-9708-48CFD75DE043}"
EndProject
Project("{FAE04EC0-301F-11D3-BF4B-00C04F79EFBC}") = "AltusERP-DB", "AltusERP-DB\AltusERP-DB.csproj", "{0636015C-E98A-496E-9C02-7CFB294CB64F}"
EndProject
Global
	GlobalSection(SolutionConfigurationPlatforms) = preSolution
		Debug|Any CPU = Debug|Any CPU
		Release|Any CPU = Release|Any CPU
	EndGlobalSection
	GlobalSection(ProjectConfigurationPlatforms) = postSolution
		{4E630993-8C02-49BE-9708-48CFD75DE043}.Debug|Any CPU.ActiveCfg = Debug|Any CPU
		{4E630993-8C02-49BE-9708-48CFD75DE043}.Debug|Any CPU.Build.0 = Debug|Any CPU
		{4E630993-8C02-49BE-9708-48CFD75DE043}.Release|Any CPU.ActiveCfg = Release|Any CPU
		{4E630993-8C02-49BE-9708-48CFD75DE043}.Release|Any CPU.Build.0 = Release|Any CPU
		{0636015C-E98A-496E-9C02-7CFB294CB64F}.Debug|Any CPU.ActiveCfg = Debug|Any CPU
		{0636015C-E98A-496E-9C02-7CFB294CB64F}.Debug|Any CPU.Build.0 = Debug|Any CPU
		{0636015C-E98A-496E-9C02-7CFB294CB64F}.Release|Any CPU.ActiveCfg = Release|Any CPU
		{0636015C-E98A-496E-9C02-7CFB294CB64F}.Release|Any CPU.Build.0 = Release|Any CPU
	EndGlobalSection
	GlobalSection(SolutionProperties) = preSolution
		HideSolutionNode = FALSE
	EndGlobalSection
	GlobalSection(ExtensibilityGlobals) = postSolution
		SolutionGuid = {D2146DC2-7DBC-465A-82C0-ABE9BB3357C8}
	EndGlobalSection
EndGlobal
